{
  "object": {
    "pins": [
      {
        "package": "BetterCodable",
        "repositoryURL": "https://github.com/marksands/BetterCodable.git",
        "state": {
          "branch": null,
          "revision": "61153170668db7a46a20a87e35e70f80b24d4eb5",
          "version": "0.4.0"
        }
      },
      {
        "package": "Hero",
        "repositoryURL": "https://github.com/HeroTransitions/Hero.git",
        "state": {
          "branch": null,
          "revision": "66a554b21116fccf61b3aa2205a86f6b0cdc9766",
          "version": "1.6.2"
        }
      },
      {
        "package": "Kingfisher",
        "repositoryURL": "https://github.com/onevcat/Kingfisher.git",
        "state": {
          "branch": null,
          "revision": "be1a1acb283a702b99b630f586877ba02234b4cb",
          "version": "7.3.2"
        }
      },
      {
        "package": "Layoutless",
        "repositoryURL": "https://github.com/DeclarativeHub/Layoutless.git",
        "state": {
          "branch": null,
          "revision": "50ae5ab4cb9bf676c1901f4ba0f267f27e68d0a7",
          "version": "0.4.3"
        }
      },
      {
        "package": "QuickLayout",
        "repositoryURL": "https://github.com/huri000/QuickLayout",
        "state": {
          "branch": null,
          "revision": "6be62decbe508d8fc8f9dbafc349d05bab03c38b",
          "version": "3.0.1"
        }
      },
      {
        "package": "RSKPlaceholderTextView",
        "repositoryURL": "https://github.com/ruslanskorb/RSKPlaceholderTextView.git",
        "state": {
          "branch": null,
          "revision": "941b263de5344c03b89c46c30e85ad48b0da24a1",
          "version": "6.1.0"
        }
      },
      {
        "package": "Signals",
        "repositoryURL": "https://github.com/artman/Signals.git",
        "state": {
          "branch": null,
          "revision": "e792eb51a64f85d043d17f09f6323b803b9f73b8",
          "version": "6.1.0"
        }
      },
      {
        "package": "SwiftEntryKit",
        "repositoryURL": "https://github.com/huri000/SwiftEntryKit.git",
        "state": {
          "branch": null,
          "revision": "c2d42574e4fe4e1f9719843f35add7922942a16b",
          "version": "1.2.7"
        }
      },
      {
        "package": "UIFontComplete",
        "repositoryURL": "https://github.com/Nirma/UIFontComplete.git",
        "state": {
          "branch": null,
          "revision": "28959719e8078c3a9cc359cb85589016b57f1fd4",
          "version": "4.0.1"
        }
      }
    ]
  },
  "version": 1
}
